
Microsoft Visual Studio Solution File, Format Version 12.00
# Visual Studio Version 16
VisualStudioVersion = 16.0.30114.105
MinimumVisualStudioVersion = 10.0.40219.1
Project("{FAE04EC0-301F-11D3-BF4B-00C04F79EFBC}") = "DotNetCoreOAuth2", "DotNetCoreOAuth2\DotNetCoreOAuth2.csproj", "{C77761FC-371E-4A9C-9E5A-90FFE9BBEF6B}"
EndProject
Global
	GlobalSection(SolutionConfigurationPlatforms) = preSolution
		Debug|Any CPU = Debug|Any CPU
		Release|Any CPU = Release|Any CPU
	EndGlobalSection
	GlobalSection(SolutionProperties) = preSolution
		HideSolutionNode = FALSE
	EndGlobalSection
	GlobalSection(ProjectConfigurationPlatforms) = postSolution
		{C77761FC-371E-4A9C-9E5A-90FFE9BBEF6B}.Debug|Any CPU.ActiveCfg = Debug|Any CPU
		{C77761FC-371E-4A9C-9E5A-90FFE9BBEF6B}.Debug|Any CPU.Build.0 = Debug|Any CPU
		{C77761FC-371E-4A9C-9E5A-90FFE9BBEF6B}.Release|Any CPU.ActiveCfg = Release|Any CPU
		{C77761FC-371E-4A9C-9E5A-90FFE9BBEF6B}.Release|Any CPU.Build.0 = Release|Any CPU
	EndGlobalSection
EndGlobal
