
Microsoft Visual Studio Solution File, Format Version 12.00
# Visual Studio Version 17
VisualStudioVersion = 17.3.32721.290
MinimumVisualStudioVersion = 10.0.40219.1
Project("{9A19103F-16F7-4668-BE54-9A1E7A4F7556}") = "DotNetCoreOAuth2", "DotNetCoreOAuth2\DotNetCoreOAuth2.csproj", "{C77761FC-371E-4A9C-9E5A-90FFE9BBEF6B}"
EndProject
Project("{9A19103F-16F7-4668-BE54-9A1E7A4F7556}") = "WebAppTest", "WebAppTest\WebAppTest.csproj", "{30BDCD7E-AE24-4788-A3DF-C909216CCFB6}"
EndProject
Project("{9A19103F-16F7-4668-BE54-9A1E7A4F7556}") = "DotNetCoreOAuth2.Tests", "DotNetCoreOAuth2.Tests\DotNetCoreOAuth2.Tests.csproj", "{196DF4DA-B9EA-48B0-858E-02E8D49038A7}"
EndProject
Project("{FAE04EC0-301F-11D3-BF4B-00C04F79EFBC}") = "ConsoleAppTest", "ConsoleAppTest\ConsoleAppTest.csproj", "{CAE5527E-F276-42BD-8EFB-0BB0AD298315}"
EndProject
Global
	GlobalSection(SolutionConfigurationPlatforms) = preSolution
		Debug|Any CPU = Debug|Any CPU
		Release|Any CPU = Release|Any CPU
	EndGlobalSection
	GlobalSection(ProjectConfigurationPlatforms) = postSolution
		{C77761FC-371E-4A9C-9E5A-90FFE9BBEF6B}.Debug|Any CPU.ActiveCfg = Debug|Any CPU
		{C77761FC-371E-4A9C-9E5A-90FFE9BBEF6B}.Debug|Any CPU.Build.0 = Debug|Any CPU
		{C77761FC-371E-4A9C-9E5A-90FFE9BBEF6B}.Release|Any CPU.ActiveCfg = Release|Any CPU
		{C77761FC-371E-4A9C-9E5A-90FFE9BBEF6B}.Release|Any CPU.Build.0 = Release|Any CPU
		{30BDCD7E-AE24-4788-A3DF-C909216CCFB6}.Debug|Any CPU.ActiveCfg = Debug|Any CPU
		{30BDCD7E-AE24-4788-A3DF-C909216CCFB6}.Debug|Any CPU.Build.0 = Debug|Any CPU
		{30BDCD7E-AE24-4788-A3DF-C909216CCFB6}.Release|Any CPU.ActiveCfg = Release|Any CPU
		{30BDCD7E-AE24-4788-A3DF-C909216CCFB6}.Release|Any CPU.Build.0 = Release|Any CPU
		{196DF4DA-B9EA-48B0-858E-02E8D49038A7}.Debug|Any CPU.ActiveCfg = Debug|Any CPU
		{196DF4DA-B9EA-48B0-858E-02E8D49038A7}.Debug|Any CPU.Build.0 = Debug|Any CPU
		{196DF4DA-B9EA-48B0-858E-02E8D49038A7}.Release|Any CPU.ActiveCfg = Release|Any CPU
		{196DF4DA-B9EA-48B0-858E-02E8D49038A7}.Release|Any CPU.Build.0 = Release|Any CPU
		{CAE5527E-F276-42BD-8EFB-0BB0AD298315}.Debug|Any CPU.ActiveCfg = Debug|Any CPU
		{CAE5527E-F276-42BD-8EFB-0BB0AD298315}.Debug|Any CPU.Build.0 = Debug|Any CPU
		{CAE5527E-F276-42BD-8EFB-0BB0AD298315}.Release|Any CPU.ActiveCfg = Release|Any CPU
		{CAE5527E-F276-42BD-8EFB-0BB0AD298315}.Release|Any CPU.Build.0 = Release|Any CPU
	EndGlobalSection
	GlobalSection(SolutionProperties) = preSolution
		HideSolutionNode = FALSE
	EndGlobalSection
	GlobalSection(ExtensibilityGlobals) = postSolution
		SolutionGuid = {C3923002-0159-4893-A49F-A8E5E1701061}
	EndGlobalSection
EndGlobal
